{
  "nodes": {
    "crate2nix": {
      "flake": false,
      "locked": {
        "lastModified": 1658336336,
        "narHash": "sha256-SJTBwZ/RYBP5ZcHMXXHBprj1z9hWStQ98p/v7naiFvo=",
        "owner": "kolloch",
        "repo": "crate2nix",
        "rev": "9797a9f47b673fab90c24e74ffe3c114d72121ca",
        "type": "github"
      },
      "original": {
        "owner": "kolloch",
        "repo": "crate2nix",
        "type": "github"
      }
    },
    "flake-utils": {
      "locked": {
        "lastModified": 1656928814,
        "narHash": "sha256-RIFfgBuKz6Hp89yRr7+NR5tzIAbn52h8vT6vXkYjZoM=",
        "owner": "numtide",
        "repo": "flake-utils",
        "rev": "7e2a3b3dfd9af950a856d66b0a7d01e3c18aa249",
        "type": "github"
      },
      "original": {
        "owner": "numtide",
        "repo": "flake-utils",
        "type": "github"
      }
    },
    "nix-filter": {
      "locked": {
        "lastModified": 1653590866,
        "narHash": "sha256-E4yKIrt/S//WfW5D9IhQ1dVuaAy8RE7EiCMfnbrOC78=",
        "owner": "numtide",
        "repo": "nix-filter",
        "rev": "3e81a637cdf9f6e9b39aeb4d6e6394d1ad158e16",
        "type": "github"
      },
      "original": {
        "owner": "numtide",
        "repo": "nix-filter",
        "type": "github"
      }
    },
    "nix-utils": {
      "inputs": {
        "nixpkgs": [
          "nixpkgs"
        ]
      },
      "locked": {
        "lastModified": 1658941135,
        "narHash": "sha256-Bg3xjZN2CBVgDd0KqnJww4PGqssVN6lNYcO73OAzb/o=",
        "owner": "ilkecan",
        "repo": "nix-utils",
        "rev": "2b0794f2ff7fbc60178b35dff040d0c10324dbd3",
        "type": "github"
      },
      "original": {
        "owner": "ilkecan",
        "repo": "nix-utils",
        "type": "github"
      }
    },
    "nixpkgs": {
      "locked": {
        "lastModified": 1658321858,
        "narHash": "sha256-2f5NzHbi1NLSYnDg6cRu25B+XRxqngicvggg+0GgKHI=",
        "owner": "NixOS",
        "repo": "nixpkgs",
        "rev": "26fe7618c7efbbfe28db9a52a21fb87e67ebaf06",
        "type": "github"
      },
      "original": {
        "owner": "NixOS",
        "ref": "nixos-22.05",
        "repo": "nixpkgs",
        "type": "github"
      }
    },
    "root": {
      "inputs": {
        "crate2nix": "crate2nix",
        "flake-utils": "flake-utils",
        "nix-filter": "nix-filter",
        "nix-utils": "nix-utils",
        "nixpkgs": "nixpkgs"
      }
    }
  },
  "root": "root",
  "version": 7
}
